
Microsoft Visual Studio Solution File, Format Version 12.00
# Visual Studio 15
VisualStudioVersion = 15.0.27520.0
MinimumVisualStudioVersion = 10.0.40219.1
Project("{8BC9CEB8-8B4A-11D0-8D11-00A0C91BC942}") = "LxRunOffline", "LxRunOffline\LxRunOffline.vcxproj", "{5A161CAE-91C2-4427-8C42-ED4F2C24DB1A}"
EndProject
Global
	GlobalSection(SolutionConfigurationPlatforms) = preSolution
		Debug|x64 = Debug|x64
		Release|x64 = Release|x64
	EndGlobalSection
	GlobalSection(ProjectConfigurationPlatforms) = postSolution
		{5A161CAE-91C2-4427-8C42-ED4F2C24DB1A}.Debug|x64.ActiveCfg = Debug|x64
		{5A161CAE-91C2-4427-8C42-ED4F2C24DB1A}.Debug|x64.Build.0 = Debug|x64
		{5A161CAE-91C2-4427-8C42-ED4F2C24DB1A}.Release|x64.ActiveCfg = Release|x64
		{5A161CAE-91C2-4427-8C42-ED4F2C24DB1A}.Release|x64.Build.0 = Release|x64
	EndGlobalSection
	GlobalSection(SolutionProperties) = preSolution
		HideSolutionNode = FALSE
	EndGlobalSection
	GlobalSection(ExtensibilityGlobals) = postSolution
		SolutionGuid = {59503436-8BF3-4B2C-987A-7E8B87FC699F}
	EndGlobalSection
EndGlobal
