
Microsoft Visual Studio Solution File, Format Version 12.00
# Visual Studio 15
VisualStudioVersion = 15.0.27323.2
MinimumVisualStudioVersion = 10.0.40219.1
Project("{FAE04EC0-301F-11D3-BF4B-00C04F79EFBC}") = "LxRunOfflineRedirect", "LxRunOfflineRedirect\LxRunOfflineRedirect.csproj", "{4AD49D51-169E-4C0F-A4A8-6830D3155EC7}"
EndProject
Global
	GlobalSection(SolutionConfigurationPlatforms) = preSolution
		Debug|Any CPU = Debug|Any CPU
		Release|Any CPU = Release|Any CPU
	EndGlobalSection
	GlobalSection(ProjectConfigurationPlatforms) = postSolution
		{4AD49D51-169E-4C0F-A4A8-6830D3155EC7}.Debug|Any CPU.ActiveCfg = Debug|Any CPU
		{4AD49D51-169E-4C0F-A4A8-6830D3155EC7}.Debug|Any CPU.Build.0 = Debug|Any CPU
		{4AD49D51-169E-4C0F-A4A8-6830D3155EC7}.Release|Any CPU.ActiveCfg = Release|Any CPU
		{4AD49D51-169E-4C0F-A4A8-6830D3155EC7}.Release|Any CPU.Build.0 = Release|Any CPU
	EndGlobalSection
	GlobalSection(SolutionProperties) = preSolution
		HideSolutionNode = FALSE
	EndGlobalSection
	GlobalSection(ExtensibilityGlobals) = postSolution
		SolutionGuid = {91EC0E58-6FA3-4C42-ACA8-3F40F209ACD1}
	EndGlobalSection
EndGlobal
